
Microsoft Visual Studio Solution File, Format Version 12.00
# Visual Studio Version 17
VisualStudioVersion = 17.8.34330.188
MinimumVisualStudioVersion = 10.0.40219.1
Project("{9A19103F-16F7-4668-BE54-9A1E7A4F7556}") = "TestBlazorAppWASM1", "TestBlazorAppWASM1\TestBlazorAppWASM1.csproj", "{C470D50D-3308-427D-93E6-1A2C8B5A763B}"
EndProject
Project("{FAE04EC0-301F-11D3-BF4B-00C04F79EFBC}") = "MyComponents", "MyComponents\MyComponents.csproj", "{06D07698-C923-416B-B358-B40458EAE664}"
EndProject
Global
	GlobalSection(SolutionConfigurationPlatforms) = preSolution
		Debug|Any CPU = Debug|Any CPU
		Release|Any CPU = Release|Any CPU
	EndGlobalSection
	GlobalSection(ProjectConfigurationPlatforms) = postSolution
		{C470D50D-3308-427D-93E6-1A2C8B5A763B}.Debug|Any CPU.ActiveCfg = Debug|Any CPU
		{C470D50D-3308-427D-93E6-1A2C8B5A763B}.Debug|Any CPU.Build.0 = Debug|Any CPU
		{C470D50D-3308-427D-93E6-1A2C8B5A763B}.Release|Any CPU.ActiveCfg = Release|Any CPU
		{C470D50D-3308-427D-93E6-1A2C8B5A763B}.Release|Any CPU.Build.0 = Release|Any CPU
		{06D07698-C923-416B-B358-B40458EAE664}.Debug|Any CPU.ActiveCfg = Debug|Any CPU
		{06D07698-C923-416B-B358-B40458EAE664}.Debug|Any CPU.Build.0 = Debug|Any CPU
		{06D07698-C923-416B-B358-B40458EAE664}.Release|Any CPU.ActiveCfg = Release|Any CPU
		{06D07698-C923-416B-B358-B40458EAE664}.Release|Any CPU.Build.0 = Release|Any CPU
	EndGlobalSection
	GlobalSection(SolutionProperties) = preSolution
		HideSolutionNode = FALSE
	EndGlobalSection
	GlobalSection(ExtensibilityGlobals) = postSolution
		SolutionGuid = {8851DF2D-30EC-461A-A114-28274233E4AC}
	EndGlobalSection
EndGlobal
